Microsoft Visual Studio Solution File, Format Version 12.00

Project("{FAE04EC0-301F-11D3-BF4B-00C04F79EFBC}") = "Domain", "Domain\Domain.csproj", "{1A30C672-122A-4BA5-BE32-7DE05737F1C4}"
EndProject

Project("{FAE04EC0-301F-11D3-BF4B-00C04F79EFBC}") = "Application", "Application\Application.csproj", "{2988562B-B1DA-402F-8A83-76BF12DCD0C6}"
EndProject

Project("{FAE04EC0-301F-11D3-BF4B-00C04F79EFBC}") = "Infrastructure", "Infrastructure\Infrastructure.csproj", "{E7B706E3-E34E-4925-A661-8F5C8671E7F3}"
EndProject

Project("{FAE04EC0-301F-11D3-BF4B-00C04F79EFBC}") = "Presentation", "Presentation\Presentation.csproj", "{43BDF62F-83DB-4DE1-BF70-785AD4854CB2}"
EndProject

Project("{FAE04EC0-301F-11D3-BF4B-00C04F79EFBC}") = "Client", "Client\Client.csproj", "{7455D6B9-84F4-4309-B74A-B430C8C68A55}"
EndProject

Global
	GlobalSection(SolutionConfigurationPlatforms) = preSolution
		Debug|Any CPU = Debug|Any CPU
		Release|Any CPU = Release|Any CPU
	EndGlobalSection
	GlobalSection(ProjectConfigurationPlatforms) = postSolution
		{1A30C672-122A-4BA5-BE32-7DE05737F1C4}.Debug|Any CPU.ActiveCfg = Debug|Any CPU
		{1A30C672-122A-4BA5-BE32-7DE05737F1C4}.Debug|Any CPU.Build.0 = Debug|Any CPU
		{1A30C672-122A-4BA5-BE32-7DE05737F1C4}.Release|Any CPU.ActiveCfg = Release|Any CPU
		{1A30C672-122A-4BA5-BE32-7DE05737F1C4}.Release|Any CPU.Build.0 = Release|Any CPU

		{2988562B-B1DA-402F-8A83-76BF12DCD0C6}.Debug|Any CPU.ActiveCfg = Debug|Any CPU
		{2988562B-B1DA-402F-8A83-76BF12DCD0C6}.Debug|Any CPU.Build.0 = Debug|Any CPU
		{2988562B-B1DA-402F-8A83-76BF12DCD0C6}.Release|Any CPU.ActiveCfg = Release|Any CPU
		{2988562B-B1DA-402F-8A83-76BF12DCD0C6}.Release|Any CPU.Build.0 = Release|Any CPU

		{E7B706E3-E34E-4925-A661-8F5C8671E7F3}.Debug|Any CPU.ActiveCfg = Debug|Any CPU
		{E7B706E3-E34E-4925-A661-8F5C8671E7F3}.Debug|Any CPU.Build.0 = Debug|Any CPU
		{E7B706E3-E34E-4925-A661-8F5C8671E7F3}.Release|Any CPU.ActiveCfg = Release|Any CPU
		{E7B706E3-E34E-4925-A661-8F5C8671E7F3}.Release|Any CPU.Build.0 = Release|Any CPU

		{43BDF62F-83DB-4DE1-BF70-785AD4854CB2}.Debug|Any CPU.ActiveCfg = Debug|Any CPU
		{43BDF62F-83DB-4DE1-BF70-785AD4854CB2}.Debug|Any CPU.Build.0 = Debug|Any CPU
		{43BDF62F-83DB-4DE1-BF70-785AD4854CB2}.Release|Any CPU.ActiveCfg = Release|Any CPU
		{43BDF62F-83DB-4DE1-BF70-785AD4854CB2}.Release|Any CPU.Build.0 = Release|Any CPU

		{7455D6B9-84F4-4309-B74A-B430C8C68A55}.Debug|Any CPU.ActiveCfg = Debug|Any CPU
		{7455D6B9-84F4-4309-B74A-B430C8C68A55}.Debug|Any CPU.Build.0 = Debug|Any CPU
		{7455D6B9-84F4-4309-B74A-B430C8C68A55}.Release|Any CPU.ActiveCfg = Release|Any CPU
		{7455D6B9-84F4-4309-B74A-B430C8C68A55}.Release|Any CPU.Build.0 = Release|Any CPU
	EndGlobalSection
EndGlobal
