Microsoft Visual Studio Solution File, Format Version 12.00
Project("{2150E333-8FDC-42A3-9474-1A3956D46DE8}") = "project_items", "project_items", "{42CE9901-7630-BA72-7F10-DBA442BDCF82}"
	ProjectSection(SolutionItems) = preProject
		docker-compose.yaml = docker-compose.yaml
		Dockerfile = Dockerfile
		.dockerignore = .dockerignore
		.env = .env
		.env.example = .env.example
		.gitignore = .gitignore
		Makefile = Makefile
	EndProjectSection
EndProject
Project("{2150E333-8FDC-42A3-9474-1A3956D46DE8}") = "github", "github", "{A508EFC4-0EDB-31DF-620D-ECD3B3B4B781}"
	ProjectSection(SolutionItems) = preProject
		.github/workflows/api.yaml = .github/workflows/api.yaml
		.github/workflows/client.yaml = .github/workflows/client.yaml
	EndProjectSection
EndProject
Project("{2150E333-8FDC-42A3-9474-1A3956D46DE8}") = "source_generators", "source_generators", "{AAEDA8F5-6156-1908-6F44-7504302A18AE}"
EndProject
Project("{FAE04EC0-301F-11D3-BF4B-00C04F79EFBC}") = "StrongIdGenerator", "source_generators/StrongIdGenerator/StrongIdGenerator.csproj", "{A6E12133-275F-7165-3923-E50D11970179}"
EndProject
Project("{2150E333-8FDC-42A3-9474-1A3956D46DE8}") = "src", "src", "{827E0CD3-B72D-47B6-A68D-7590B98EB39B}"
EndProject
Project("{FAE04EC0-301F-11D3-BF4B-00C04F79EFBC}") = "Application", "src/Application/Application.csproj", "{5BDAB160-5258-45DA-1CDF-4BFCF367E785}"
EndProject
Project("{FAE04EC0-301F-11D3-BF4B-00C04F79EFBC}") = "Domain", "src/Domain/Domain.csproj", "{87EDA1D2-4B5B-E524-38CE-D0BFCA5F4D6B}"
EndProject
Project("{FAE04EC0-301F-11D3-BF4B-00C04F79EFBC}") = "Infrastructure", "src/Infrastructure/Infrastructure.csproj", "{3D745DFE-AF9A-E111-755D-FD3FFF280728}"
EndProject
Project("{FAE04EC0-301F-11D3-BF4B-00C04F79EFBC}") = "Persistence", "src/Persistence/Persistence.csproj", "{C4F00904-8DBE-0709-B376-61AA41535537}"
EndProject
Project("{2150E333-8FDC-42A3-9474-1A3956D46DE8}") = "test", "test", "{0C88DD14-F956-CE84-757C-A364CCF449FC}"
EndProject
Project("{FAE04EC0-301F-11D3-BF4B-00C04F79EFBC}") = "Test.Application", "test/Test.Application/Test.Application.csproj", "{5D04CB2D-254B-8126-0C29-4593C598A415}"
EndProject
Project("{FAE04EC0-301F-11D3-BF4B-00C04F79EFBC}") = "Test.Domain", "test/Test.Domain/Test.Domain.csproj", "{7A696FB3-A9E6-7ED7-36A7-6B1464B64C10}"
EndProject
Project("{FAE04EC0-301F-11D3-BF4B-00C04F79EFBC}") = "Presentation", "src\Presentation\Presentation.csproj", "{451950F3-ED5E-4B56-B8CE-233650AF240D}"
EndProject
Global
	GlobalSection(SolutionConfigurationPlatforms) = preSolution
		Debug|Any CPU = Debug|Any CPU
		Release|Any CPU = Release|Any CPU
	EndGlobalSection
	GlobalSection(ProjectConfigurationPlatforms) = postSolution
		{A6E12133-275F-7165-3923-E50D11970179}.Debug|Any CPU.ActiveCfg = Debug|Any CPU
		{A6E12133-275F-7165-3923-E50D11970179}.Debug|Any CPU.Build.0 = Debug|Any CPU
		{A6E12133-275F-7165-3923-E50D11970179}.Release|Any CPU.ActiveCfg = Release|Any CPU
		{A6E12133-275F-7165-3923-E50D11970179}.Release|Any CPU.Build.0 = Release|Any CPU
		{5BDAB160-5258-45DA-1CDF-4BFCF367E785}.Debug|Any CPU.ActiveCfg = Debug|Any CPU
		{5BDAB160-5258-45DA-1CDF-4BFCF367E785}.Debug|Any CPU.Build.0 = Debug|Any CPU
		{5BDAB160-5258-45DA-1CDF-4BFCF367E785}.Release|Any CPU.ActiveCfg = Release|Any CPU
		{5BDAB160-5258-45DA-1CDF-4BFCF367E785}.Release|Any CPU.Build.0 = Release|Any CPU
		{87EDA1D2-4B5B-E524-38CE-D0BFCA5F4D6B}.Debug|Any CPU.ActiveCfg = Debug|Any CPU
		{87EDA1D2-4B5B-E524-38CE-D0BFCA5F4D6B}.Debug|Any CPU.Build.0 = Debug|Any CPU
		{87EDA1D2-4B5B-E524-38CE-D0BFCA5F4D6B}.Release|Any CPU.ActiveCfg = Release|Any CPU
		{87EDA1D2-4B5B-E524-38CE-D0BFCA5F4D6B}.Release|Any CPU.Build.0 = Release|Any CPU
		{3D745DFE-AF9A-E111-755D-FD3FFF280728}.Debug|Any CPU.ActiveCfg = Debug|Any CPU
		{3D745DFE-AF9A-E111-755D-FD3FFF280728}.Debug|Any CPU.Build.0 = Debug|Any CPU
		{3D745DFE-AF9A-E111-755D-FD3FFF280728}.Release|Any CPU.ActiveCfg = Release|Any CPU
		{3D745DFE-AF9A-E111-755D-FD3FFF280728}.Release|Any CPU.Build.0 = Release|Any CPU
		{C4F00904-8DBE-0709-B376-61AA41535537}.Debug|Any CPU.ActiveCfg = Debug|Any CPU
		{C4F00904-8DBE-0709-B376-61AA41535537}.Debug|Any CPU.Build.0 = Debug|Any CPU
		{C4F00904-8DBE-0709-B376-61AA41535537}.Release|Any CPU.ActiveCfg = Release|Any CPU
		{C4F00904-8DBE-0709-B376-61AA41535537}.Release|Any CPU.Build.0 = Release|Any CPU
		{5D04CB2D-254B-8126-0C29-4593C598A415}.Debug|Any CPU.ActiveCfg = Debug|Any CPU
		{5D04CB2D-254B-8126-0C29-4593C598A415}.Debug|Any CPU.Build.0 = Debug|Any CPU
		{5D04CB2D-254B-8126-0C29-4593C598A415}.Release|Any CPU.ActiveCfg = Release|Any CPU
		{5D04CB2D-254B-8126-0C29-4593C598A415}.Release|Any CPU.Build.0 = Release|Any CPU
		{7A696FB3-A9E6-7ED7-36A7-6B1464B64C10}.Debug|Any CPU.ActiveCfg = Debug|Any CPU
		{7A696FB3-A9E6-7ED7-36A7-6B1464B64C10}.Debug|Any CPU.Build.0 = Debug|Any CPU
		{7A696FB3-A9E6-7ED7-36A7-6B1464B64C10}.Release|Any CPU.ActiveCfg = Release|Any CPU
		{7A696FB3-A9E6-7ED7-36A7-6B1464B64C10}.Release|Any CPU.Build.0 = Release|Any CPU
		{451950F3-ED5E-4B56-B8CE-233650AF240D}.Debug|Any CPU.ActiveCfg = Debug|Any CPU
		{451950F3-ED5E-4B56-B8CE-233650AF240D}.Debug|Any CPU.Build.0 = Debug|Any CPU
		{451950F3-ED5E-4B56-B8CE-233650AF240D}.Release|Any CPU.ActiveCfg = Release|Any CPU
		{451950F3-ED5E-4B56-B8CE-233650AF240D}.Release|Any CPU.Build.0 = Release|Any CPU
	EndGlobalSection
	GlobalSection(NestedProjects) = preSolution
		{A6E12133-275F-7165-3923-E50D11970179} = {AAEDA8F5-6156-1908-6F44-7504302A18AE}
		{5BDAB160-5258-45DA-1CDF-4BFCF367E785} = {827E0CD3-B72D-47B6-A68D-7590B98EB39B}
		{87EDA1D2-4B5B-E524-38CE-D0BFCA5F4D6B} = {827E0CD3-B72D-47B6-A68D-7590B98EB39B}
		{3D745DFE-AF9A-E111-755D-FD3FFF280728} = {827E0CD3-B72D-47B6-A68D-7590B98EB39B}
		{C4F00904-8DBE-0709-B376-61AA41535537} = {827E0CD3-B72D-47B6-A68D-7590B98EB39B}
		{5D04CB2D-254B-8126-0C29-4593C598A415} = {0C88DD14-F956-CE84-757C-A364CCF449FC}
		{7A696FB3-A9E6-7ED7-36A7-6B1464B64C10} = {0C88DD14-F956-CE84-757C-A364CCF449FC}
		{451950F3-ED5E-4B56-B8CE-233650AF240D} = {827E0CD3-B72D-47B6-A68D-7590B98EB39B}
	EndGlobalSection
EndGlobal
